
Microsoft Visual Studio Solution File, Format Version 12.00
# Visual Studio Version 16
VisualStudioVersion = 16.0.29709.97
MinimumVisualStudioVersion = 10.0.40219.1
Project("{FAE04EC0-301F-11D3-BF4B-00C04F79EFBC}") = "DistanceConverter", "DistanceConverter\DistanceConverter.csproj", "{7D996B6A-3DFD-47D5-A627-B1EE38794DF8}"
EndProject
Global
	GlobalSection(SolutionConfigurationPlatforms) = preSolution
		Debug|Any CPU = Debug|Any CPU
		Release|Any CPU = Release|Any CPU
	EndGlobalSection
	GlobalSection(ProjectConfigurationPlatforms) = postSolution
		{7D996B6A-3DFD-47D5-A627-B1EE38794DF8}.Debug|Any CPU.ActiveCfg = Debug|Any CPU
		{7D996B6A-3DFD-47D5-A627-B1EE38794DF8}.Debug|Any CPU.Build.0 = Debug|Any CPU
		{7D996B6A-3DFD-47D5-A627-B1EE38794DF8}.Release|Any CPU.ActiveCfg = Release|Any CPU
		{7D996B6A-3DFD-47D5-A627-B1EE38794DF8}.Release|Any CPU.Build.0 = Release|Any CPU
	EndGlobalSection
	GlobalSection(SolutionProperties) = preSolution
		HideSolutionNode = FALSE
	EndGlobalSection
	GlobalSection(ExtensibilityGlobals) = postSolution
		SolutionGuid = {3140349B-0DE2-4FB2-9455-747E975C6F36}
	EndGlobalSection
EndGlobal
